
Microsoft Visual Studio Solution File, Format Version 12.00
# Visual Studio 14
VisualStudioVersion = 14.0.24720.0
MinimumVisualStudioVersion = 10.0.40219.1
Project("{FAE04EC0-301F-11D3-BF4B-00C04F79EFBC}") = "ARTClient", "ARTClient\ARTClient.csproj", "{6ADDE1AB-5511-446F-9D83-E1D45D2172F1}"
EndProject
Project("{FAE04EC0-301F-11D3-BF4B-00C04F79EFBC}") = "ARTApp", "ARTApp\ARTApp.csproj", "{CBDF8B74-2028-4CAA-A3FB-D14534C2EE9D}"
EndProject
Project("{FAE04EC0-301F-11D3-BF4B-00C04F79EFBC}") = "ARTModules", "ARTModules\ARTModules.csproj", "{A7185C9E-508F-4977-BFDE-5AB84A687DF7}"
EndProject
Project("{FAE04EC0-301F-11D3-BF4B-00C04F79EFBC}") = "ARTShared", "ARTShared\ARTShared.csproj", "{5C171043-32E1-4CEE-A8DE-45701692402E}"
EndProject
Project("{FAE04EC0-301F-11D3-BF4B-00C04F79EFBC}") = "DbMigrationSkyStemART", "ARTDb\DbMigrationSkyStemART\DbMigrationSkyStemART.csproj", "{BF0B0EA6-CE8E-4040-9006-8B5269E021F5}"
EndProject
Project("{FAE04EC0-301F-11D3-BF4B-00C04F79EFBC}") = "DbMigrationSkyStemARTCore", "ARTDb\DbMigrationSkyStemARTCore\DbMigrationSkyStemARTCore.csproj", "{97BBBB2C-9B1D-43D3-84E1-717B7CA8C37F}"
EndProject
Project("{FAE04EC0-301F-11D3-BF4B-00C04F79EFBC}") = "ARTWeb", "ARTWeb\ARTWeb.csproj", "{4B6C2C79-C59D-4C65-906B-F751B1394FD7}"
EndProject
Global
	GlobalSection(SolutionConfigurationPlatforms) = preSolution
		Debug|.NET = Debug|.NET
		Debug|Any CPU = Debug|Any CPU
		Debug|Mixed Platforms = Debug|Mixed Platforms
		Release|.NET = Release|.NET
		Release|Any CPU = Release|Any CPU
		Release|Mixed Platforms = Release|Mixed Platforms
	EndGlobalSection
	GlobalSection(ProjectConfigurationPlatforms) = postSolution
		{6ADDE1AB-5511-446F-9D83-E1D45D2172F1}.Debug|.NET.ActiveCfg = Debug|Any CPU
		{6ADDE1AB-5511-446F-9D83-E1D45D2172F1}.Debug|Any CPU.ActiveCfg = Debug|Any CPU
		{6ADDE1AB-5511-446F-9D83-E1D45D2172F1}.Debug|Any CPU.Build.0 = Debug|Any CPU
		{6ADDE1AB-5511-446F-9D83-E1D45D2172F1}.Debug|Mixed Platforms.ActiveCfg = Debug|Any CPU
		{6ADDE1AB-5511-446F-9D83-E1D45D2172F1}.Debug|Mixed Platforms.Build.0 = Debug|Any CPU
		{6ADDE1AB-5511-446F-9D83-E1D45D2172F1}.Release|.NET.ActiveCfg = Release|Any CPU
		{6ADDE1AB-5511-446F-9D83-E1D45D2172F1}.Release|Any CPU.ActiveCfg = Release|Any CPU
		{6ADDE1AB-5511-446F-9D83-E1D45D2172F1}.Release|Any CPU.Build.0 = Release|Any CPU
		{6ADDE1AB-5511-446F-9D83-E1D45D2172F1}.Release|Mixed Platforms.ActiveCfg = Release|Any CPU
		{6ADDE1AB-5511-446F-9D83-E1D45D2172F1}.Release|Mixed Platforms.Build.0 = Release|Any CPU
		{CBDF8B74-2028-4CAA-A3FB-D14534C2EE9D}.Debug|.NET.ActiveCfg = Debug|Any CPU
		{CBDF8B74-2028-4CAA-A3FB-D14534C2EE9D}.Debug|Any CPU.ActiveCfg = Debug|Any CPU
		{CBDF8B74-2028-4CAA-A3FB-D14534C2EE9D}.Debug|Any CPU.Build.0 = Debug|Any CPU
		{CBDF8B74-2028-4CAA-A3FB-D14534C2EE9D}.Debug|Mixed Platforms.ActiveCfg = Debug|Any CPU
		{CBDF8B74-2028-4CAA-A3FB-D14534C2EE9D}.Debug|Mixed Platforms.Build.0 = Debug|Any CPU
		{CBDF8B74-2028-4CAA-A3FB-D14534C2EE9D}.Release|.NET.ActiveCfg = Release|Any CPU
		{CBDF8B74-2028-4CAA-A3FB-D14534C2EE9D}.Release|Any CPU.ActiveCfg = Release|Any CPU
		{CBDF8B74-2028-4CAA-A3FB-D14534C2EE9D}.Release|Any CPU.Build.0 = Release|Any CPU
		{CBDF8B74-2028-4CAA-A3FB-D14534C2EE9D}.Release|Mixed Platforms.ActiveCfg = Release|Any CPU
		{CBDF8B74-2028-4CAA-A3FB-D14534C2EE9D}.Release|Mixed Platforms.Build.0 = Release|Any CPU
		{A7185C9E-508F-4977-BFDE-5AB84A687DF7}.Debug|.NET.ActiveCfg = Debug|Any CPU
		{A7185C9E-508F-4977-BFDE-5AB84A687DF7}.Debug|Any CPU.ActiveCfg = Debug|Any CPU
		{A7185C9E-508F-4977-BFDE-5AB84A687DF7}.Debug|Any CPU.Build.0 = Debug|Any CPU
		{A7185C9E-508F-4977-BFDE-5AB84A687DF7}.Debug|Mixed Platforms.ActiveCfg = Debug|Any CPU
		{A7185C9E-508F-4977-BFDE-5AB84A687DF7}.Debug|Mixed Platforms.Build.0 = Debug|Any CPU
		{A7185C9E-508F-4977-BFDE-5AB84A687DF7}.Release|.NET.ActiveCfg = Release|Any CPU
		{A7185C9E-508F-4977-BFDE-5AB84A687DF7}.Release|Any CPU.ActiveCfg = Release|Any CPU
		{A7185C9E-508F-4977-BFDE-5AB84A687DF7}.Release|Any CPU.Build.0 = Release|Any CPU
		{A7185C9E-508F-4977-BFDE-5AB84A687DF7}.Release|Mixed Platforms.ActiveCfg = Release|Any CPU
		{A7185C9E-508F-4977-BFDE-5AB84A687DF7}.Release|Mixed Platforms.Build.0 = Release|Any CPU
		{5C171043-32E1-4CEE-A8DE-45701692402E}.Debug|.NET.ActiveCfg = Debug|Any CPU
		{5C171043-32E1-4CEE-A8DE-45701692402E}.Debug|Any CPU.ActiveCfg = Debug|Any CPU
		{5C171043-32E1-4CEE-A8DE-45701692402E}.Debug|Any CPU.Build.0 = Debug|Any CPU
		{5C171043-32E1-4CEE-A8DE-45701692402E}.Debug|Mixed Platforms.ActiveCfg = Debug|Any CPU
		{5C171043-32E1-4CEE-A8DE-45701692402E}.Debug|Mixed Platforms.Build.0 = Debug|Any CPU
		{5C171043-32E1-4CEE-A8DE-45701692402E}.Release|.NET.ActiveCfg = Release|Any CPU
		{5C171043-32E1-4CEE-A8DE-45701692402E}.Release|Any CPU.ActiveCfg = Release|Any CPU
		{5C171043-32E1-4CEE-A8DE-45701692402E}.Release|Any CPU.Build.0 = Release|Any CPU
		{5C171043-32E1-4CEE-A8DE-45701692402E}.Release|Mixed Platforms.ActiveCfg = Release|Any CPU
		{5C171043-32E1-4CEE-A8DE-45701692402E}.Release|Mixed Platforms.Build.0 = Release|Any CPU
		{BF0B0EA6-CE8E-4040-9006-8B5269E021F5}.Debug|.NET.ActiveCfg = Debug|Any CPU
		{BF0B0EA6-CE8E-4040-9006-8B5269E021F5}.Debug|.NET.Build.0 = Debug|Any CPU
		{BF0B0EA6-CE8E-4040-9006-8B5269E021F5}.Debug|Any CPU.ActiveCfg = Debug|Any CPU
		{BF0B0EA6-CE8E-4040-9006-8B5269E021F5}.Debug|Any CPU.Build.0 = Debug|Any CPU
		{BF0B0EA6-CE8E-4040-9006-8B5269E021F5}.Debug|Mixed Platforms.ActiveCfg = Debug|Any CPU
		{BF0B0EA6-CE8E-4040-9006-8B5269E021F5}.Debug|Mixed Platforms.Build.0 = Debug|Any CPU
		{BF0B0EA6-CE8E-4040-9006-8B5269E021F5}.Release|.NET.ActiveCfg = Release|Any CPU
		{BF0B0EA6-CE8E-4040-9006-8B5269E021F5}.Release|.NET.Build.0 = Release|Any CPU
		{BF0B0EA6-CE8E-4040-9006-8B5269E021F5}.Release|Any CPU.ActiveCfg = Release|Any CPU
		{BF0B0EA6-CE8E-4040-9006-8B5269E021F5}.Release|Any CPU.Build.0 = Release|Any CPU
		{BF0B0EA6-CE8E-4040-9006-8B5269E021F5}.Release|Mixed Platforms.ActiveCfg = Release|Any CPU
		{BF0B0EA6-CE8E-4040-9006-8B5269E021F5}.Release|Mixed Platforms.Build.0 = Release|Any CPU
		{97BBBB2C-9B1D-43D3-84E1-717B7CA8C37F}.Debug|.NET.ActiveCfg = Debug|Any CPU
		{97BBBB2C-9B1D-43D3-84E1-717B7CA8C37F}.Debug|.NET.Build.0 = Debug|Any CPU
		{97BBBB2C-9B1D-43D3-84E1-717B7CA8C37F}.Debug|Any CPU.ActiveCfg = Debug|Any CPU
		{97BBBB2C-9B1D-43D3-84E1-717B7CA8C37F}.Debug|Any CPU.Build.0 = Debug|Any CPU
		{97BBBB2C-9B1D-43D3-84E1-717B7CA8C37F}.Debug|Mixed Platforms.ActiveCfg = Debug|Any CPU
		{97BBBB2C-9B1D-43D3-84E1-717B7CA8C37F}.Debug|Mixed Platforms.Build.0 = Debug|Any CPU
		{97BBBB2C-9B1D-43D3-84E1-717B7CA8C37F}.Release|.NET.ActiveCfg = Release|Any CPU
		{97BBBB2C-9B1D-43D3-84E1-717B7CA8C37F}.Release|.NET.Build.0 = Release|Any CPU
		{97BBBB2C-9B1D-43D3-84E1-717B7CA8C37F}.Release|Any CPU.ActiveCfg = Release|Any CPU
		{97BBBB2C-9B1D-43D3-84E1-717B7CA8C37F}.Release|Any CPU.Build.0 = Release|Any CPU
		{97BBBB2C-9B1D-43D3-84E1-717B7CA8C37F}.Release|Mixed Platforms.ActiveCfg = Release|Any CPU
		{97BBBB2C-9B1D-43D3-84E1-717B7CA8C37F}.Release|Mixed Platforms.Build.0 = Release|Any CPU
		{4B6C2C79-C59D-4C65-906B-F751B1394FD7}.Debug|.NET.ActiveCfg = Debug|Any CPU
		{4B6C2C79-C59D-4C65-906B-F751B1394FD7}.Debug|.NET.Build.0 = Debug|Any CPU
		{4B6C2C79-C59D-4C65-906B-F751B1394FD7}.Debug|Any CPU.ActiveCfg = Debug|Any CPU
		{4B6C2C79-C59D-4C65-906B-F751B1394FD7}.Debug|Any CPU.Build.0 = Debug|Any CPU
		{4B6C2C79-C59D-4C65-906B-F751B1394FD7}.Debug|Mixed Platforms.ActiveCfg = Debug|Any CPU
		{4B6C2C79-C59D-4C65-906B-F751B1394FD7}.Debug|Mixed Platforms.Build.0 = Debug|Any CPU
		{4B6C2C79-C59D-4C65-906B-F751B1394FD7}.Release|.NET.ActiveCfg = Release|Any CPU
		{4B6C2C79-C59D-4C65-906B-F751B1394FD7}.Release|.NET.Build.0 = Release|Any CPU
		{4B6C2C79-C59D-4C65-906B-F751B1394FD7}.Release|Any CPU.ActiveCfg = Release|Any CPU
		{4B6C2C79-C59D-4C65-906B-F751B1394FD7}.Release|Any CPU.Build.0 = Release|Any CPU
		{4B6C2C79-C59D-4C65-906B-F751B1394FD7}.Release|Mixed Platforms.ActiveCfg = Release|Any CPU
		{4B6C2C79-C59D-4C65-906B-F751B1394FD7}.Release|Mixed Platforms.Build.0 = Release|Any CPU
	EndGlobalSection
	GlobalSection(SolutionProperties) = preSolution
		HideSolutionNode = FALSE
	EndGlobalSection
EndGlobal
