
Microsoft Visual Studio Solution File, Format Version 12.00
# Visual Studio 14
VisualStudioVersion = 14.0.24720.0
MinimumVisualStudioVersion = 10.0.40219.1
Project("{E24C65DC-7377-472B-9ABA-BC803B73C61A}") = "ARTWeb", "http://localhost/ARTWeb", "{6D86EEC5-E35D-4793-94F7-499DB52750BC}"
	ProjectSection(WebsiteProperties) = preProject
		SccProjectName = "SAK"
		SccAuxPath = "SAK"
		SccLocalPath = "SAK"
		SccProvider = "SAK"
		UseIISExpress = "false"
		TargetFrameworkMoniker = ".NETFramework,Version%3Dv4.5"
		ProjectReferences = "{6ADDE1AB-5511-446F-9D83-E1D45D2172F1}|ARTClient.dll;{CBDF8B74-2028-4CAA-A3FB-D14534C2EE9D}|ARTApp.dll;{A7185C9E-508F-4977-BFDE-5AB84A687DF7}|ARTModules.dll;{5C171043-32E1-4CEE-A8DE-45701692402E}|ARTShared.dll;"
		Debug.AspNetCompiler.VirtualPath = "/ARTWeb"
		Debug.AspNetCompiler.PhysicalPath = "ARTWeb\"
		Debug.AspNetCompiler.TargetPath = "PrecompiledWeb\ARTWeb\"
		Debug.AspNetCompiler.Updateable = "true"
		Debug.AspNetCompiler.ForceOverwrite = "true"
		Debug.AspNetCompiler.FixedNames = "false"
		Debug.AspNetCompiler.Debug = "True"
		Release.AspNetCompiler.VirtualPath = "/ARTWeb"
		Release.AspNetCompiler.PhysicalPath = "ARTWeb\"
		Release.AspNetCompiler.TargetPath = "PrecompiledWeb\ARTWeb\"
		Release.AspNetCompiler.Updateable = "true"
		Release.AspNetCompiler.ForceOverwrite = "true"
		Release.AspNetCompiler.FixedNames = "false"
		Release.AspNetCompiler.Debug = "False"
		SlnRelativePath = "ARTWeb\"
	EndProjectSection
	ProjectSection(ProjectDependencies) = postProject
		{A7185C9E-508F-4977-BFDE-5AB84A687DF7} = {A7185C9E-508F-4977-BFDE-5AB84A687DF7}
	EndProjectSection
EndProject
Project("{FAE04EC0-301F-11D3-BF4B-00C04F79EFBC}") = "ARTClient", "ARTClient\ARTClient.csproj", "{6ADDE1AB-5511-446F-9D83-E1D45D2172F1}"
EndProject
Project("{FAE04EC0-301F-11D3-BF4B-00C04F79EFBC}") = "ARTApp", "ARTApp\ARTApp.csproj", "{CBDF8B74-2028-4CAA-A3FB-D14534C2EE9D}"
EndProject
Project("{FAE04EC0-301F-11D3-BF4B-00C04F79EFBC}") = "ARTModules", "ARTModules\ARTModules.csproj", "{A7185C9E-508F-4977-BFDE-5AB84A687DF7}"
EndProject
Project("{FAE04EC0-301F-11D3-BF4B-00C04F79EFBC}") = "ARTShared", "ARTShared\ARTShared.csproj", "{5C171043-32E1-4CEE-A8DE-45701692402E}"
EndProject
Global
	GlobalSection(SolutionConfigurationPlatforms) = preSolution
		Debug|.NET = Debug|.NET
		Debug|Any CPU = Debug|Any CPU
		Debug|Mixed Platforms = Debug|Mixed Platforms
		Release|.NET = Release|.NET
		Release|Any CPU = Release|Any CPU
		Release|Mixed Platforms = Release|Mixed Platforms
	EndGlobalSection
	GlobalSection(ProjectConfigurationPlatforms) = postSolution
		{6D86EEC5-E35D-4793-94F7-499DB52750BC}.Debug|.NET.ActiveCfg = Debug|Any CPU
		{6D86EEC5-E35D-4793-94F7-499DB52750BC}.Debug|Any CPU.ActiveCfg = Debug|Any CPU
		{6D86EEC5-E35D-4793-94F7-499DB52750BC}.Debug|Any CPU.Build.0 = Debug|Any CPU
		{6D86EEC5-E35D-4793-94F7-499DB52750BC}.Debug|Mixed Platforms.ActiveCfg = Debug|Any CPU
		{6D86EEC5-E35D-4793-94F7-499DB52750BC}.Debug|Mixed Platforms.Build.0 = Debug|Any CPU
		{6D86EEC5-E35D-4793-94F7-499DB52750BC}.Release|.NET.ActiveCfg = Debug|Any CPU
		{6D86EEC5-E35D-4793-94F7-499DB52750BC}.Release|Any CPU.ActiveCfg = Debug|Any CPU
		{6D86EEC5-E35D-4793-94F7-499DB52750BC}.Release|Any CPU.Build.0 = Debug|Any CPU
		{6D86EEC5-E35D-4793-94F7-499DB52750BC}.Release|Mixed Platforms.ActiveCfg = Debug|Any CPU
		{6D86EEC5-E35D-4793-94F7-499DB52750BC}.Release|Mixed Platforms.Build.0 = Debug|Any CPU
		{6ADDE1AB-5511-446F-9D83-E1D45D2172F1}.Debug|.NET.ActiveCfg = Debug|Any CPU
		{6ADDE1AB-5511-446F-9D83-E1D45D2172F1}.Debug|Any CPU.ActiveCfg = Debug|Any CPU
		{6ADDE1AB-5511-446F-9D83-E1D45D2172F1}.Debug|Any CPU.Build.0 = Debug|Any CPU
		{6ADDE1AB-5511-446F-9D83-E1D45D2172F1}.Debug|Mixed Platforms.ActiveCfg = Debug|Any CPU
		{6ADDE1AB-5511-446F-9D83-E1D45D2172F1}.Debug|Mixed Platforms.Build.0 = Debug|Any CPU
		{6ADDE1AB-5511-446F-9D83-E1D45D2172F1}.Release|.NET.ActiveCfg = Release|Any CPU
		{6ADDE1AB-5511-446F-9D83-E1D45D2172F1}.Release|Any CPU.ActiveCfg = Release|Any CPU
		{6ADDE1AB-5511-446F-9D83-E1D45D2172F1}.Release|Any CPU.Build.0 = Release|Any CPU
		{6ADDE1AB-5511-446F-9D83-E1D45D2172F1}.Release|Mixed Platforms.ActiveCfg = Release|Any CPU
		{6ADDE1AB-5511-446F-9D83-E1D45D2172F1}.Release|Mixed Platforms.Build.0 = Release|Any CPU
		{CBDF8B74-2028-4CAA-A3FB-D14534C2EE9D}.Debug|.NET.ActiveCfg = Debug|Any CPU
		{CBDF8B74-2028-4CAA-A3FB-D14534C2EE9D}.Debug|Any CPU.ActiveCfg = Debug|Any CPU
		{CBDF8B74-2028-4CAA-A3FB-D14534C2EE9D}.Debug|Any CPU.Build.0 = Debug|Any CPU
		{CBDF8B74-2028-4CAA-A3FB-D14534C2EE9D}.Debug|Mixed Platforms.ActiveCfg = Debug|Any CPU
		{CBDF8B74-2028-4CAA-A3FB-D14534C2EE9D}.Debug|Mixed Platforms.Build.0 = Debug|Any CPU
		{CBDF8B74-2028-4CAA-A3FB-D14534C2EE9D}.Release|.NET.ActiveCfg = Release|Any CPU
		{CBDF8B74-2028-4CAA-A3FB-D14534C2EE9D}.Release|Any CPU.ActiveCfg = Release|Any CPU
		{CBDF8B74-2028-4CAA-A3FB-D14534C2EE9D}.Release|Any CPU.Build.0 = Release|Any CPU
		{CBDF8B74-2028-4CAA-A3FB-D14534C2EE9D}.Release|Mixed Platforms.ActiveCfg = Release|Any CPU
		{CBDF8B74-2028-4CAA-A3FB-D14534C2EE9D}.Release|Mixed Platforms.Build.0 = Release|Any CPU
		{A7185C9E-508F-4977-BFDE-5AB84A687DF7}.Debug|.NET.ActiveCfg = Debug|Any CPU
		{A7185C9E-508F-4977-BFDE-5AB84A687DF7}.Debug|Any CPU.ActiveCfg = Debug|Any CPU
		{A7185C9E-508F-4977-BFDE-5AB84A687DF7}.Debug|Any CPU.Build.0 = Debug|Any CPU
		{A7185C9E-508F-4977-BFDE-5AB84A687DF7}.Debug|Mixed Platforms.ActiveCfg = Debug|Any CPU
		{A7185C9E-508F-4977-BFDE-5AB84A687DF7}.Debug|Mixed Platforms.Build.0 = Debug|Any CPU
		{A7185C9E-508F-4977-BFDE-5AB84A687DF7}.Release|.NET.ActiveCfg = Release|Any CPU
		{A7185C9E-508F-4977-BFDE-5AB84A687DF7}.Release|Any CPU.ActiveCfg = Release|Any CPU
		{A7185C9E-508F-4977-BFDE-5AB84A687DF7}.Release|Any CPU.Build.0 = Release|Any CPU
		{A7185C9E-508F-4977-BFDE-5AB84A687DF7}.Release|Mixed Platforms.ActiveCfg = Release|Any CPU
		{A7185C9E-508F-4977-BFDE-5AB84A687DF7}.Release|Mixed Platforms.Build.0 = Release|Any CPU
		{5C171043-32E1-4CEE-A8DE-45701692402E}.Debug|.NET.ActiveCfg = Debug|Any CPU
		{5C171043-32E1-4CEE-A8DE-45701692402E}.Debug|Any CPU.ActiveCfg = Debug|Any CPU
		{5C171043-32E1-4CEE-A8DE-45701692402E}.Debug|Any CPU.Build.0 = Debug|Any CPU
		{5C171043-32E1-4CEE-A8DE-45701692402E}.Debug|Mixed Platforms.ActiveCfg = Debug|Any CPU
		{5C171043-32E1-4CEE-A8DE-45701692402E}.Debug|Mixed Platforms.Build.0 = Debug|Any CPU
		{5C171043-32E1-4CEE-A8DE-45701692402E}.Release|.NET.ActiveCfg = Release|Any CPU
		{5C171043-32E1-4CEE-A8DE-45701692402E}.Release|Any CPU.ActiveCfg = Release|Any CPU
		{5C171043-32E1-4CEE-A8DE-45701692402E}.Release|Any CPU.Build.0 = Release|Any CPU
		{5C171043-32E1-4CEE-A8DE-45701692402E}.Release|Mixed Platforms.ActiveCfg = Release|Any CPU
		{5C171043-32E1-4CEE-A8DE-45701692402E}.Release|Mixed Platforms.Build.0 = Release|Any CPU
	EndGlobalSection
	GlobalSection(SolutionProperties) = preSolution
		HideSolutionNode = FALSE
	EndGlobalSection
	GlobalSection(TeamFoundationVersionControl) = preSolution
		SccNumberOfProjects = 6
		SccEnterpriseProvider = {4CA58AB2-18FA-4F8D-95D4-32DDF27D184C}
		SccTeamFoundationServer = http://172.31.29.143:8080/tfs/artprojectscollection
		SccLocalPath0 = .
		SccProjectUniqueName1 = ARTApp\\ARTApp.csproj
		SccProjectName1 = ARTApp
		SccLocalPath1 = ARTApp
		SccProjectUniqueName2 = ARTClient\\ARTClient.csproj
		SccProjectName2 = ARTClient
		SccLocalPath2 = ARTClient
		SccProjectUniqueName3 = ARTModules\\ARTModules.csproj
		SccProjectName3 = ARTModules
		SccLocalPath3 = ARTModules
		SccProjectUniqueName4 = ARTShared\\ARTShared.csproj
		SccProjectName4 = ARTShared
		SccLocalPath4 = ARTShared
		SccWebProject5 = true
		SccProjectUniqueName5 = http://localhost/ARTWeb
		SccProjectName5 = ARTWeb
		SccLocalPath5 = ARTWeb
		SccProjectEnlistmentChoice5 = 2
	EndGlobalSection
EndGlobal
