
Microsoft Visual Studio Solution File, Format Version 12.00
# Visual Studio 14
VisualStudioVersion = 14.0.24720.0
MinimumVisualStudioVersion = 10.0.40219.1
Project("{FAE04EC0-301F-11D3-BF4B-00C04F79EFBC}") = "ARTIntegrationServices", "ARTIntegrationServices\ARTIntegrationServices.csproj", "{80F0CE85-F09A-4B35-A7EE-4D914F1B5D98}"
EndProject
Project("{FAE04EC0-301F-11D3-BF4B-00C04F79EFBC}") = "ARTIntegrationClient", "ARTIntegrationClient\ARTIntegrationClient.csproj", "{588E24FB-70CB-48DB-A4F4-D5ED1B0B126E}"
EndProject
Project("{FAE04EC0-301F-11D3-BF4B-00C04F79EFBC}") = "ARTSecurity", "ARTSecurity\ARTSecurity.csproj", "{A21C0FDD-E723-46C3-8F30-271B1D70859A}"
EndProject
Project("{FAE04EC0-301F-11D3-BF4B-00C04F79EFBC}") = "ARTIntegrationUtility", "ARTIntegrationUtility\ARTIntegrationUtility.csproj", "{AA05C1BB-2F9A-4A7F-B7B4-915756806568}"
EndProject
Global
	GlobalSection(SolutionConfigurationPlatforms) = preSolution
		Debug|Any CPU = Debug|Any CPU
		Release|Any CPU = Release|Any CPU
	EndGlobalSection
	GlobalSection(ProjectConfigurationPlatforms) = postSolution
		{80F0CE85-F09A-4B35-A7EE-4D914F1B5D98}.Debug|Any CPU.ActiveCfg = Debug|Any CPU
		{80F0CE85-F09A-4B35-A7EE-4D914F1B5D98}.Debug|Any CPU.Build.0 = Debug|Any CPU
		{80F0CE85-F09A-4B35-A7EE-4D914F1B5D98}.Release|Any CPU.ActiveCfg = Release|Any CPU
		{80F0CE85-F09A-4B35-A7EE-4D914F1B5D98}.Release|Any CPU.Build.0 = Release|Any CPU
		{588E24FB-70CB-48DB-A4F4-D5ED1B0B126E}.Debug|Any CPU.ActiveCfg = Debug|Any CPU
		{588E24FB-70CB-48DB-A4F4-D5ED1B0B126E}.Debug|Any CPU.Build.0 = Debug|Any CPU
		{588E24FB-70CB-48DB-A4F4-D5ED1B0B126E}.Release|Any CPU.ActiveCfg = Release|Any CPU
		{588E24FB-70CB-48DB-A4F4-D5ED1B0B126E}.Release|Any CPU.Build.0 = Release|Any CPU
		{A21C0FDD-E723-46C3-8F30-271B1D70859A}.Debug|Any CPU.ActiveCfg = Debug|Any CPU
		{A21C0FDD-E723-46C3-8F30-271B1D70859A}.Debug|Any CPU.Build.0 = Debug|Any CPU
		{A21C0FDD-E723-46C3-8F30-271B1D70859A}.Release|Any CPU.ActiveCfg = Release|Any CPU
		{A21C0FDD-E723-46C3-8F30-271B1D70859A}.Release|Any CPU.Build.0 = Release|Any CPU
		{AA05C1BB-2F9A-4A7F-B7B4-915756806568}.Debug|Any CPU.ActiveCfg = Debug|Any CPU
		{AA05C1BB-2F9A-4A7F-B7B4-915756806568}.Debug|Any CPU.Build.0 = Debug|Any CPU
		{AA05C1BB-2F9A-4A7F-B7B4-915756806568}.Release|Any CPU.ActiveCfg = Release|Any CPU
		{AA05C1BB-2F9A-4A7F-B7B4-915756806568}.Release|Any CPU.Build.0 = Release|Any CPU
	EndGlobalSection
	GlobalSection(SolutionProperties) = preSolution
		HideSolutionNode = FALSE
	EndGlobalSection
	GlobalSection(TeamFoundationVersionControl) = preSolution
		SccNumberOfProjects = 5
		SccEnterpriseProvider = {4CA58AB2-18FA-4F8D-95D4-32DDF27D184C}
		SccTeamFoundationServer = http://172.31.29.143:8080/tfs/artprojectscollection
		SccLocalPath0 = .
		SccProjectUniqueName1 = ARTIntegrationClient\\ARTIntegrationClient.csproj
		SccProjectName1 = ARTIntegrationClient
		SccLocalPath1 = ARTIntegrationClient
		SccProjectUniqueName2 = ARTIntegrationServices\\ARTIntegrationServices.csproj
		SccProjectName2 = ARTIntegrationServices
		SccLocalPath2 = ARTIntegrationServices
		SccProjectUniqueName3 = ARTIntegrationUtility\\ARTIntegrationUtility.csproj
		SccProjectName3 = ARTIntegrationUtility
		SccLocalPath3 = ARTIntegrationUtility
		SccProjectUniqueName4 = ARTSecurity\\ARTSecurity.csproj
		SccProjectName4 = ARTSecurity
		SccLocalPath4 = ARTSecurity
	EndGlobalSection
EndGlobal
