
Microsoft Visual Studio Solution File, Format Version 12.00
# Visual Studio 15
VisualStudioVersion = 15.0.26730.12
MinimumVisualStudioVersion = 10.0.40219.1
Project("{FAE04EC0-301F-11D3-BF4B-00C04F79EFBC}") = "ServiceDummy", "ARTServiceTestConsoleApp\ServiceDummy.csproj", "{DC0D4938-3B00-40B3-9F39-C26BEBB0B89A}"
EndProject
Project("{FAE04EC0-301F-11D3-BF4B-00C04F79EFBC}") = "ARTClient", "..\ARTClient\ARTClient.csproj", "{6ADDE1AB-5511-446F-9D83-E1D45D2172F1}"
EndProject
Project("{FAE04EC0-301F-11D3-BF4B-00C04F79EFBC}") = "ARTApp", "..\ARTApp\ARTApp.csproj", "{CBDF8B74-2028-4CAA-A3FB-D14534C2EE9D}"
EndProject
Project("{FAE04EC0-301F-11D3-BF4B-00C04F79EFBC}") = "ARTShared", "..\ARTShared\ARTShared.csproj", "{5C171043-32E1-4CEE-A8DE-45701692402E}"
EndProject
Global
	GlobalSection(SolutionConfigurationPlatforms) = preSolution
		Debug|Any CPU = Debug|Any CPU
		Release|Any CPU = Release|Any CPU
	EndGlobalSection
	GlobalSection(ProjectConfigurationPlatforms) = postSolution
		{DC0D4938-3B00-40B3-9F39-C26BEBB0B89A}.Debug|Any CPU.ActiveCfg = Debug|Any CPU
		{DC0D4938-3B00-40B3-9F39-C26BEBB0B89A}.Debug|Any CPU.Build.0 = Debug|Any CPU
		{DC0D4938-3B00-40B3-9F39-C26BEBB0B89A}.Release|Any CPU.ActiveCfg = Release|Any CPU
		{DC0D4938-3B00-40B3-9F39-C26BEBB0B89A}.Release|Any CPU.Build.0 = Release|Any CPU
		{6ADDE1AB-5511-446F-9D83-E1D45D2172F1}.Debug|Any CPU.ActiveCfg = Debug|Any CPU
		{6ADDE1AB-5511-446F-9D83-E1D45D2172F1}.Debug|Any CPU.Build.0 = Debug|Any CPU
		{6ADDE1AB-5511-446F-9D83-E1D45D2172F1}.Release|Any CPU.ActiveCfg = Release|Any CPU
		{6ADDE1AB-5511-446F-9D83-E1D45D2172F1}.Release|Any CPU.Build.0 = Release|Any CPU
		{CBDF8B74-2028-4CAA-A3FB-D14534C2EE9D}.Debug|Any CPU.ActiveCfg = Debug|Any CPU
		{CBDF8B74-2028-4CAA-A3FB-D14534C2EE9D}.Debug|Any CPU.Build.0 = Debug|Any CPU
		{CBDF8B74-2028-4CAA-A3FB-D14534C2EE9D}.Release|Any CPU.ActiveCfg = Release|Any CPU
		{CBDF8B74-2028-4CAA-A3FB-D14534C2EE9D}.Release|Any CPU.Build.0 = Release|Any CPU
		{5C171043-32E1-4CEE-A8DE-45701692402E}.Debug|Any CPU.ActiveCfg = Debug|Any CPU
		{5C171043-32E1-4CEE-A8DE-45701692402E}.Debug|Any CPU.Build.0 = Debug|Any CPU
		{5C171043-32E1-4CEE-A8DE-45701692402E}.Release|Any CPU.ActiveCfg = Release|Any CPU
		{5C171043-32E1-4CEE-A8DE-45701692402E}.Release|Any CPU.Build.0 = Release|Any CPU
	EndGlobalSection
	GlobalSection(SolutionProperties) = preSolution
		HideSolutionNode = FALSE
	EndGlobalSection
	GlobalSection(ExtensibilityGlobals) = postSolution
		SolutionGuid = {7380B04C-617D-4822-9385-95162CAE4088}
	EndGlobalSection
EndGlobal
